
Microsoft Visual Studio Solution File, Format Version 12.00
# Visual Studio Version 16
VisualStudioVersion = 16.0.29920.165
MinimumVisualStudioVersion = 10.0.40219.1
Project("{FAE04EC0-301F-11D3-BF4B-00C04F79EFBC}") = "DebugIssue", "DebugIssue\DebugIssue.csproj", "{EF964622-EB7C-4DE0-B1CD-8937F891055C}"
EndProject
Project("{FAE04EC0-301F-11D3-BF4B-00C04F79EFBC}") = "DataContract", "DataContract\DataContract.csproj", "{D47BEE0D-27B8-4224-A125-17FB8666DB10}"
EndProject
Project("{FAE04EC0-301F-11D3-BF4B-00C04F79EFBC}") = "Test", "Test\Test.csproj", "{61D0F04A-C151-48C9-BD21-CCE7E2F0EE26}"
EndProject
Global
	GlobalSection(SolutionConfigurationPlatforms) = preSolution
		Debug|Any CPU = Debug|Any CPU
		Release|Any CPU = Release|Any CPU
	EndGlobalSection
	GlobalSection(ProjectConfigurationPlatforms) = postSolution
		{EF964622-EB7C-4DE0-B1CD-8937F891055C}.Debug|Any CPU.ActiveCfg = Debug|Any CPU
		{EF964622-EB7C-4DE0-B1CD-8937F891055C}.Debug|Any CPU.Build.0 = Debug|Any CPU
		{EF964622-EB7C-4DE0-B1CD-8937F891055C}.Release|Any CPU.ActiveCfg = Release|Any CPU
		{EF964622-EB7C-4DE0-B1CD-8937F891055C}.Release|Any CPU.Build.0 = Release|Any CPU
		{D47BEE0D-27B8-4224-A125-17FB8666DB10}.Debug|Any CPU.ActiveCfg = Debug|Any CPU
		{D47BEE0D-27B8-4224-A125-17FB8666DB10}.Debug|Any CPU.Build.0 = Debug|Any CPU
		{D47BEE0D-27B8-4224-A125-17FB8666DB10}.Release|Any CPU.ActiveCfg = Release|Any CPU
		{D47BEE0D-27B8-4224-A125-17FB8666DB10}.Release|Any CPU.Build.0 = Release|Any CPU
		{61D0F04A-C151-48C9-BD21-CCE7E2F0EE26}.Debug|Any CPU.ActiveCfg = Debug|Any CPU
		{61D0F04A-C151-48C9-BD21-CCE7E2F0EE26}.Debug|Any CPU.Build.0 = Debug|Any CPU
		{61D0F04A-C151-48C9-BD21-CCE7E2F0EE26}.Release|Any CPU.ActiveCfg = Release|Any CPU
		{61D0F04A-C151-48C9-BD21-CCE7E2F0EE26}.Release|Any CPU.Build.0 = Release|Any CPU
	EndGlobalSection
	GlobalSection(SolutionProperties) = preSolution
		HideSolutionNode = FALSE
	EndGlobalSection
	GlobalSection(ExtensibilityGlobals) = postSolution
		SolutionGuid = {46671666-D7A9-40C7-BEBC-D35A8097B514}
	EndGlobalSection
EndGlobal
